
Microsoft Visual Studio Solution File, Format Version 12.00
# Visual Studio Version 17
VisualStudioVersion = 17.4.33213.308
MinimumVisualStudioVersion = 10.0.40219.1
Project("{9A19103F-16F7-4668-BE54-9A1E7A4F7556}") = "FestivalLineupBySpotifyAPI", "FestivalLineupBySpotify API\FestivalLineupBySpotifyAPI.csproj", "{069E0E33-533E-446E-A7BE-253EB49216A3}"
EndProject
Global
	GlobalSection(SolutionConfigurationPlatforms) = preSolution
		Debug|Any CPU = Debug|Any CPU
		Release|Any CPU = Release|Any CPU
	EndGlobalSection
	GlobalSection(ProjectConfigurationPlatforms) = postSolution
		{069E0E33-533E-446E-A7BE-253EB49216A3}.Debug|Any CPU.ActiveCfg = Debug|Any CPU
		{069E0E33-533E-446E-A7BE-253EB49216A3}.Debug|Any CPU.Build.0 = Debug|Any CPU
		{069E0E33-533E-446E-A7BE-253EB49216A3}.Release|Any CPU.ActiveCfg = Release|Any CPU
		{069E0E33-533E-446E-A7BE-253EB49216A3}.Release|Any CPU.Build.0 = Release|Any CPU
	EndGlobalSection
	GlobalSection(SolutionProperties) = preSolution
		HideSolutionNode = FALSE
	EndGlobalSection
	GlobalSection(ExtensibilityGlobals) = postSolution
		SolutionGuid = {97D0AA8F-DFCC-496F-9F16-B48FF046B71B}
	EndGlobalSection
EndGlobal
